// !$*UTF8*$!
{
	archiveVersion = 1;
	classes = {
	};
	objectVersion = 46;
	objects = {

/* Begin PBXBuildFile section */
		51D09D6C1ACE0901002E3424 /* AppDelegate.swift in Sources */ = {isa = PBXBuildFile; fileRef = 51D09D6B1ACE0901002E3424 /* AppDelegate.swift */; };
		51D09D6E1ACE0901002E3424 /* art.scnassets in Resources */ = {isa = PBXBuildFile; fileRef = 51D09D6D1ACE0901002E3424 /* art.scnassets */; };
		51D09D701ACE0901002E3424 /* GameViewController.swift in Sources */ = {isa = PBXBuildFile; fileRef = 51D09D6F1ACE0901002E3424 /* GameViewController.swift */; };
		51D09D731ACE0901002E3424 /* Main.storyboard in Resources */ = {isa = PBXBuildFile; fileRef = 51D09D711ACE0901002E3424 /* Main.storyboard */; };
		51D09D751ACE0901002E3424 /* Images.xcassets in Resources */ = {isa = PBXBuildFile; fileRef = 51D09D741ACE0901002E3424 /* Images.xcassets */; };
		51D09D781ACE0901002E3424 /* LaunchScreen.xib in Resources */ = {isa = PBXBuildFile; fileRef = 51D09D761ACE0901002E3424 /* LaunchScreen.xib */; };
		51D09D841ACE0901002E3424 /* Flight_SimulatorTests.swift in Sources */ = {isa = PBXBuildFile; fileRef = 51D09D831ACE0901002E3424 /* Flight_SimulatorTests.swift */; };
/* End PBXBuildFile section */

/* Begin PBXContainerItemProxy section */
		51D09D7E1ACE0901002E3424 /* PBXContainerItemProxy */ = {
			isa = PBXContainerItemProxy;
			containerPortal = 51D09D5E1ACE0901002E3424 /* Project object */;
			proxyType = 1;
			remoteGlobalIDString = 51D09D651ACE0901002E3424;
			remoteInfo = "Flight Simulator";
		};
/* End PBXContainerItemProxy section */

/* Begin PBXFileReference section */
		51D09D661ACE0901002E3424 /* Flight Simulator.app */ = {isa = PBXFileReference; explicitFileType = wrapper.application; includeInIndex = 0; path = "Flight Simulator.app"; sourceTree = BUILT_PRODUCTS_DIR; };
		51D09D6A1ACE0901002E3424 /* Info.plist */ = {isa = PBXFileReference; lastKnownFileType = text.plist.xml; path = Info.plist; sourceTree = "<group>"; };
		51D09D6B1ACE0901002E3424 /* AppDelegate.swift */ = {isa = PBXFileReference; lastKnownFileType = sourcecode.swift; path = AppDelegate.swift; sourceTree = "<group>"; };
		51D09D6D1ACE0901002E3424 /* art.scnassets */ = {isa = PBXFileReference; lastKnownFileType = wrapper.scnassets; path = art.scnassets; sourceTree = "<group>"; };
		51D09D6F1ACE0901002E3424 /* GameViewController.swift */ = {isa = PBXFileReference; lastKnownFileType = sourcecode.swift; path = GameViewController.swift; sourceTree = "<group>"; };
		51D09D721ACE0901002E3424 /* Base */ = {isa = PBXFileReference; lastKnownFileType = file.storyboard; name = Base; path = Base.lproj/Main.storyboard; sourceTree = "<group>"; };
		51D09D741ACE0901002E3424 /* Images.xcassets */ = {isa = PBXFileReference; lastKnownFileType = folder.assetcatalog; path = Images.xcassets; sourceTree = "<group>"; };
		51D09D771ACE0901002E3424 /* Base */ = {isa = PBXFileReference; lastKnownFileType = file.xib; name = Base; path = Base.lproj/LaunchScreen.xib; sourceTree = "<group>"; };
		51D09D7D1ACE0901002E3424 /* Flight SimulatorTests.xctest */ = {isa = PBXFileReference; explicitFileType = wrapper.cfbundle; includeInIndex = 0; path = "Flight SimulatorTests.xctest"; sourceTree = BUILT_PRODUCTS_DIR; };
		51D09D821ACE0901002E3424 /* Info.plist */ = {isa = PBXFileReference; lastKnownFileType = text.plist.xml; path = Info.plist; sourceTree = "<group>"; };
		51D09D831ACE0901002E3424 /* Flight_SimulatorTests.swift */ = {isa = PBXFileReference; lastKnownFileType = sourcecode.swift; path = Flight_SimulatorTests.swift; sourceTree = "<group>"; };
/* End PBXFileReference section */

/* Begin PBXFrameworksBuildPhase section */
		51D09D631ACE0901002E3424 /* Frameworks */ = {
			isa = PBXFrameworksBuildPhase;
			buildActionMask = 2147483647;
			files = (
			);
			runOnlyForDeploymentPostprocessing = 0;
		};
		51D09D7A1ACE0901002E3424 /* Frameworks */ = {
			isa = PBXFrameworksBuildPhase;
			buildActionMask = 2147483647;
			files = (
			);
			runOnlyForDeploymentPostprocessing = 0;
		};
/* End PBXFrameworksBuildPhase section */

/* Begin PBXGroup section */
		51D09D5D1ACE0901002E3424 = {
			isa = PBXGroup;
			children = (
				51D09D681ACE0901002E3424 /* Flight Simulator */,
				51D09D801ACE0901002E3424 /* Flight SimulatorTests */,
				51D09D671ACE0901002E3424 /* Products */,
			);
			sourceTree = "<group>";
		};
		51D09D671ACE0901002E3424 /* Products */ = {
			isa = PBXGroup;
			children = (
				51D09D661ACE0901002E3424 /* Flight Simulator.app */,
				51D09D7D1ACE0901002E3424 /* Flight SimulatorTests.xctest */,
			);
			name = Products;
			sourceTree = "<group>";
		};
		51D09D681ACE0901002E3424 /* Flight Simulator */ = {
			isa = PBXGroup;
			children = (
				51D09D6B1ACE0901002E3424 /* AppDelegate.swift */,
				51D09D6D1ACE0901002E3424 /* art.scnassets */,
				51D09D6F1ACE0901002E3424 /* GameViewController.swift */,
				51D09D711ACE0901002E3424 /* Main.storyboard */,
				51D09D741ACE0901002E3424 /* Images.xcassets */,
				51D09D761ACE0901002E3424 /* LaunchScreen.xib */,
				51D09D691ACE0901002E3424 /* Supporting Files */,
			);
			path = "Flight Simulator";
			sourceTree = "<group>";
		};
		51D09D691ACE0901002E3424 /* Supporting Files */ = {
			isa = PBXGroup;
			children = (
				51D09D6A1ACE0901002E3424 /* Info.plist */,
			);
			name = "Supporting Files";
			sourceTree = "<group>";
		};
		51D09D801ACE0901002E3424 /* Flight SimulatorTests */ = {
			isa = PBXGroup;
			children = (
				51D09D831ACE0901002E3424 /* Flight_SimulatorTests.swift */,
				51D09D811ACE0901002E3424 /* Supporting Files */,
			);
			path = "Flight SimulatorTests";
			sourceTree = "<group>";
		};
		51D09D811ACE0901002E3424 /* Supporting Files */ = {
			isa = PBXGroup;
			children = (
				51D09D821ACE0901002E3424 /* Info.plist */,
			);
			name = "Supporting Files";
			sourceTree = "<group>";
		};
/* End PBXGroup section */

/* Begin PBXNativeTarget section */
		51D09D651ACE0901002E3424 /* Flight Simulator */ = {
			isa = PBXNativeTarget;
			buildConfigurationList = 51D09D871ACE0901002E3424 /* Build configuration list for PBXNativeTarget "Flight Simulator" */;
			buildPhases = (
				51D09D621ACE0901002E3424 /* Sources */,
				51D09D631ACE0901002E3424 /* Frameworks */,
				51D09D641ACE0901002E3424 /* Resources */,
			);
			buildRules = (
			);
			dependencies = (
			);
			name = "Flight Simulator";
			productName = "Flight Simulator";
			productReference = 51D09D661ACE0901002E3424 /* Flight Simulator.app */;
			productType = "com.apple.product-type.application";
		};
		51D09D7C1ACE0901002E3424 /* Flight SimulatorTests */ = {
			isa = PBXNativeTarget;
			buildConfigurationList = 51D09D8A1ACE0901002E3424 /* Build configuration list for PBXNativeTarget "Flight SimulatorTests" */;
			buildPhases = (
				51D09D791ACE0901002E3424 /* Sources */,
				51D09D7A1ACE0901002E3424 /* Frameworks */,
				51D09D7B1ACE0901002E3424 /* Resources */,
			);
			buildRules = (
			);
			dependencies = (
				51D09D7F1ACE0901002E3424 /* PBXTargetDependency */,
			);
			name = "Flight SimulatorTests";
			productName = "Flight SimulatorTests";
			productReference = 51D09D7D1ACE0901002E3424 /* Flight SimulatorTests.xctest */;
			productType = "com.apple.product-type.bundle.unit-test";
		};
/* End PBXNativeTarget section */

/* Begin PBXProject section */
		51D09D5E1ACE0901002E3424 /* Project object */ = {
			isa = PBXProject;
			attributes = {
				LastUpgradeCheck = 0620;
				ORGANIZATIONNAME = "Eggs Enterprises";
				TargetAttributes = {
					51D09D651ACE0901002E3424 = {
						CreatedOnToolsVersion = 6.2;
					};
					51D09D7C1ACE0901002E3424 = {
						CreatedOnToolsVersion = 6.2;
						TestTargetID = 51D09D651ACE0901002E3424;
					};
				};
			};
			buildConfigurationList = 51D09D611ACE0901002E3424 /* Build configuration list for PBXProject "Flight Simulator" */;
			compatibilityVersion = "Xcode 3.2";
			developmentRegion = English;
			hasScannedForEncodings = 0;
			knownRegions = (
				en,
				Base,
			);
			mainGroup = 51D09D5D1ACE0901002E3424;
			productRefGroup = 51D09D671ACE0901002E3424 /* Products */;
			projectDirPath = "";
			projectRoot = "";
			targets = (
				51D09D651ACE0901002E3424 /* Flight Simulator */,
				51D09D7C1ACE0901002E3424 /* Flight SimulatorTests */,
			);
		};
/* End PBXProject section */

/* Begin PBXResourcesBuildPhase section */
		51D09D641ACE0901002E3424 /* Resources */ = {
			isa = PBXResourcesBuildPhase;
			buildActionMask = 2147483647;
			files = (
				51D09D781ACE0901002E3424 /* LaunchScreen.xib in Resources */,
				51D09D751ACE0901002E3424 /* Images.xcassets in Resources */,
				51D09D6E1ACE0901002E3424 /* art.scnassets in Resources */,
				51D09D731ACE0901002E3424 /* Main.storyboard in Resources */,
			);
			runOnlyForDeploymentPostprocessing = 0;
		};
		51D09D7B1ACE0901002E3424 /* Resources */ = {
			isa = PBXResourcesBuildPhase;
			buildActionMask = 2147483647;
			files = (
			);
			runOnlyForDeploymentPostprocessing = 0;
		};
/* End PBXResourcesBuildPhase section */

/* Begin PBXSourcesBuildPhase section */
		51D09D621ACE0901002E3424 /* Sources */ = {
			isa = PBXSourcesBuildPhase;
			buildActionMask = 2147483647;
			files = (
				51D09D701ACE0901002E3424 /* GameViewController.swift in Sources */,
				51D09D6C1ACE0901002E3424 /* AppDelegate.swift in Sources */,
			);
			runOnlyForDeploymentPostprocessing = 0;
		};
		51D09D791ACE0901002E3424 /* Sources */ = {
			isa = PBXSourcesBuildPhase;
			buildActionMask = 2147483647;
			files = (
				51D09D841ACE0901002E3424 /* Flight_SimulatorTests.swift in Sources */,
			);
			runOnlyForDeploymentPostprocessing = 0;
		};
/* End PBXSourcesBuildPhase section */

/* Begin PBXTargetDependency section */
		51D09D7F1ACE0901002E3424 /* PBXTargetDependency */ = {
			isa = PBXTargetDependency;
			target = 51D09D651ACE0901002E3424 /* Flight Simulator */;
			targetProxy = 51D09D7E1ACE0901002E3424 /* PBXContainerItemProxy */;
		};
/* End PBXTargetDependency section */

/* Begin PBXVariantGroup section */
		51D09D711ACE0901002E3424 /* Main.storyboard */ = {
			isa = PBXVariantGroup;
			children = (
				51D09D721ACE0901002E3424 /* Base */,
			);
			name = Main.storyboard;
			sourceTree = "<group>";
		};
		51D09D761ACE0901002E3424 /* LaunchScreen.xib */ = {
			isa = PBXVariantGroup;
			children = (
				51D09D771ACE0901002E3424 /* Base */,
			);
			name = LaunchScreen.xib;
			sourceTree = "<group>";
		};
/* End PBXVariantGroup section */

/* Begin XCBuildConfiguration section */
		51D09D851ACE0901002E3424 /* Debug */ = {
			isa = XCBuildConfiguration;
			buildSettings = {
				ALWAYS_SEARCH_USER_PATHS = NO;
				CLANG_CXX_LANGUAGE_STANDARD = "gnu++0x";
				CLANG_CXX_LIBRARY = "libc++";
				CLANG_ENABLE_MODULES = YES;
				CLANG_ENABLE_OBJC_ARC = YES;
				CLANG_WARN_BOOL_CONVERSION = YES;
				CLANG_WARN_CONSTANT_CONVERSION = YES;
				CLANG_WARN_DIRECT_OBJC_ISA_USAGE = YES_ERROR;
				CLANG_WARN_EMPTY_BODY = YES;
				CLANG_WARN_ENUM_CONVERSION = YES;
				CLANG_WARN_INT_CONVERSION = YES;
				CLANG_WARN_OBJC_ROOT_CLASS = YES_ERROR;
				CLANG_WARN_UNREACHABLE_CODE = YES;
				CLANG_WARN__DUPLICATE_METHOD_MATCH = YES;
				"CODE_SIGN_IDENTITY[sdk=iphoneos*]" = "iPhone Developer";
				COPY_PHASE_STRIP = NO;
				ENABLE_STRICT_OBJC_MSGSEND = YES;
				GCC_C_LANGUAGE_STANDARD = gnu99;
				GCC_DYNAMIC_NO_PIC = NO;
				GCC_OPTIMIZATION_LEVEL = 0;
				GCC_PREPROCESSOR_DEFINITIONS = (
					"DEBUG=1",
					"$(inherited)",
				);
				GCC_SYMBOLS_PRIVATE_EXTERN = NO;
				GCC_WARN_64_TO_32_BIT_CONVERSION = YES;
				GCC_WARN_ABOUT_RETURN_TYPE = YES_ERROR;
				GCC_WARN_UNDECLARED_SELECTOR = YES;
				GCC_WARN_UNINITIALIZED_AUTOS = YES_AGGRESSIVE;
				GCC_WARN_UNUSED_FUNCTION = YES;
				GCC_WARN_UNUSED_VARIABLE = YES;
				IPHONEOS_DEPLOYMENT_TARGET = 8.2;
				MTL_ENABLE_DEBUG_INFO = YES;
				ONLY_ACTIVE_ARCH = YES;
				SDKROOT = iphoneos;
				SWIFT_OPTIMIZATION_LEVEL = "-Onone";
			};
			name = Debug;
		};
		51D09D861ACE0901002E3424 /* Release */ = {
			isa = XCBuildConfiguration;
			buildSettings = {
				ALWAYS_SEARCH_USER_PATHS = NO;
				CLANG_CXX_LANGUAGE_STANDARD = "gnu++0x";
				CLANG_CXX_LIBRARY = "libc++";
				CLANG_ENABLE_MODULES = YES;
				CLANG_ENABLE_OBJC_ARC = YES;
				CLANG_WARN_BOOL_CONVERSION = YES;
				CLANG_WARN_CONSTANT_CONVERSION = YES;
				CLANG_WARN_DIRECT_OBJC_ISA_USAGE = YES_ERROR;
				CLANG_WARN_EMPTY_BODY = YES;
				CLANG_WARN_ENUM_CONVERSION = YES;
				CLANG_WARN_INT_CONVERSION = YES;
				CLANG_WARN_OBJC_ROOT_CLASS = YES_ERROR;
				CLANG_WARN_UNREACHABLE_CODE = YES;
				CLANG_WARN__DUPLICATE_METHOD_MATCH = YES;
				"CODE_SIGN_IDENTITY[sdk=iphoneos*]" = "iPhone Developer";
				COPY_PHASE_STRIP = NO;
				ENABLE_NS_ASSERTIONS = NO;
				ENABLE_STRICT_OBJC_MSGSEND = YES;
				GCC_C_LANGUAGE_STANDARD = gnu99;
				GCC_WARN_64_TO_32_BIT_CONVERSION = YES;
				GCC_WARN_ABOUT_RETURN_TYPE = YES_ERROR;
				GCC_WARN_UNDECLARED_SELECTOR = YES;
				GCC_WARN_UNINITIALIZED_AUTOS = YES_AGGRESSIVE;
				GCC_WARN_UNUSED_FUNCTION = YES;
				GCC_WARN_UNUSED_VARIABLE = YES;
				IPHONEOS_DEPLOYMENT_TARGET = 8.2;
				MTL_ENABLE_DEBUG_INFO = NO;
				SDKROOT = iphoneos;
				VALIDATE_PRODUCT = YES;
			};
			name = Release;
		};
		51D09D881ACE0901002E3424 /* Debug */ = {
			isa = XCBuildConfiguration;
			buildSettings = {
				ASSETCATALOG_COMPILER_APPICON_NAME = AppIcon;
				INFOPLIST_FILE = "Flight Simulator/Info.plist";
				LD_RUNPATH_SEARCH_PATHS = "$(inherited) @executable_path/Frameworks";
				PRODUCT_NAME = "$(TARGET_NAME)";
			};
			name = Debug;
		};
		51D09D891ACE0901002E3424 /* Release */ = {
			isa = XCBuildConfiguration;
			buildSettings = {
				ASSETCATALOG_COMPILER_APPICON_NAME = AppIcon;
				INFOPLIST_FILE = "Flight Simulator/Info.plist";
				LD_RUNPATH_SEARCH_PATHS = "$(inherited) @executable_path/Frameworks";
				PRODUCT_NAME = "$(TARGET_NAME)";
			};
			name = Release;
		};
		51D09D8B1ACE0901002E3424 /* Debug */ = {
			isa = XCBuildConfiguration;
			buildSettings = {
				BUNDLE_LOADER = "$(TEST_HOST)";
				FRAMEWORK_SEARCH_PATHS = (
					"$(SDKROOT)/Developer/Library/Frameworks",
					"$(inherited)",
				);
				GCC_PREPROCESSOR_DEFINITIONS = (
					"DEBUG=1",
					"$(inherited)",
				);
				INFOPLIST_FILE = "Flight SimulatorTests/Info.plist";
				LD_RUNPATH_SEARCH_PATHS = "$(inherited) @executable_path/Frameworks @loader_path/Frameworks";
				PRODUCT_NAME = "$(TARGET_NAME)";
				TEST_HOST = "$(BUILT_PRODUCTS_DIR)/Flight Simulator.app/Flight Simulator";
			};
			name = Debug;
		};
		51D09D8C1ACE0901002E3424 /* Release */ = {
			isa = XCBuildConfiguration;
			buildSettings = {
				BUNDLE_LOADER = "$(TEST_HOST)";
				FRAMEWORK_SEARCH_PATHS = (
					"$(SDKROOT)/Developer/Library/Frameworks",
					"$(inherited)",
				);
				INFOPLIST_FILE = "Flight SimulatorTests/Info.plist";
				LD_RUNPATH_SEARCH_PATHS = "$(inherited) @executable_path/Frameworks @loader_path/Frameworks";
				PRODUCT_NAME = "$(TARGET_NAME)";
				TEST_HOST = "$(BUILT_PRODUCTS_DIR)/Flight Simulator.app/Flight Simulator";
			};
			name = Release;
		};
/* End XCBuildConfiguration section */

/* Begin XCConfigurationList section */
		51D09D611ACE0901002E3424 /* Build configuration list for PBXProject "Flight Simulator" */ = {
			isa = XCConfigurationList;
			buildConfigurations = (
				51D09D851ACE0901002E3424 /* Debug */,
				51D09D861ACE0901002E3424 /* Release */,
			);
			defaultConfigurationIsVisible = 0;
			defaultConfigurationName = Release;
		};
		51D09D871ACE0901002E3424 /* Build configuration list for PBXNativeTarget "Flight Simulator" */ = {
			isa = XCConfigurationList;
			buildConfigurations = (
				51D09D881ACE0901002E3424 /* Debug */,
				51D09D891ACE0901002E3424 /* Release */,
			);
			defaultConfigurationIsVisible = 0;
		};
		51D09D8A1ACE0901002E3424 /* Build configuration list for PBXNativeTarget "Flight SimulatorTests" */ = {
			isa = XCConfigurationList;
			buildConfigurations = (
				51D09D8B1ACE0901002E3424 /* Debug */,
				51D09D8C1ACE0901002E3424 /* Release */,
			);
			defaultConfigurationIsVisible = 0;
		};
/* End XCConfigurationList section */
	};
	rootObject = 51D09D5E1ACE0901002E3424 /* Project object */;
}
